
Microsoft Visual Studio Solution File, Format Version 12.00
# Visual Studio Version 16
VisualStudioVersion = 16.0.30204.135
MinimumVisualStudioVersion = 10.0.40219.1
Project("{FAE04EC0-301F-11D3-BF4B-00C04F79EFBC}") = "Account", "Account\Account.csproj", "{8D11ABC3-3E2B-4017-8867-B3F814789EAB}"
EndProject
Global
	GlobalSection(SolutionConfigurationPlatforms) = preSolution
		Debug|Any CPU = Debug|Any CPU
		Release|Any CPU = Release|Any CPU
	EndGlobalSection
	GlobalSection(ProjectConfigurationPlatforms) = postSolution
		{8D11ABC3-3E2B-4017-8867-B3F814789EAB}.Debug|Any CPU.ActiveCfg = Debug|Any CPU
		{8D11ABC3-3E2B-4017-8867-B3F814789EAB}.Debug|Any CPU.Build.0 = Debug|Any CPU
		{8D11ABC3-3E2B-4017-8867-B3F814789EAB}.Release|Any CPU.ActiveCfg = Release|Any CPU
		{8D11ABC3-3E2B-4017-8867-B3F814789EAB}.Release|Any CPU.Build.0 = Release|Any CPU
	EndGlobalSection
	GlobalSection(SolutionProperties) = preSolution
		HideSolutionNode = FALSE
	EndGlobalSection
	GlobalSection(ExtensibilityGlobals) = postSolution
		SolutionGuid = {44BCC324-3B63-4A29-A853-740BC0ED11F0}
	EndGlobalSection
EndGlobal
